dependencies:
- name: rabbitmq
  repository: file://../rabbitmq
  version: 1.0.0
- name: mongodb
  repository: file://../mongodb
  version: 1.0.0
- name: search-engine-crawler
  repository: file://../crawler
  version: 1.0.0
- name: search-engine-ui
  repository: file://../ui
  version: 1.0.0
digest: sha256:f65a63176c6ef665b496de6516a93ccfc19dbd99bb4119455ec14588d77ba44a
generated: "2020-04-23T14:01:45.104756631Z"
